
Microsoft Visual Studio Solution File, Format Version 12.00
# Visual Studio Version 16
VisualStudioVersion = 16.0.30907.101
MinimumVisualStudioVersion = 10.0.40219.1
Project("{FAE04EC0-301F-11D3-BF4B-00C04F79EFBC}") = "ExerciocioDeFixacao02", "ExerciocioDeFixacao02\ExerciocioDeFixacao02.csproj", "{C113851C-AA72-49B7-8F91-C234DF7BA324}"
EndProject
Global
	GlobalSection(SolutionConfigurationPlatforms) = preSolution
		Debug|Any CPU = Debug|Any CPU
		Release|Any CPU = Release|Any CPU
	EndGlobalSection
	GlobalSection(ProjectConfigurationPlatforms) = postSolution
		{C113851C-AA72-49B7-8F91-C234DF7BA324}.Debug|Any CPU.ActiveCfg = Debug|Any CPU
		{C113851C-AA72-49B7-8F91-C234DF7BA324}.Debug|Any CPU.Build.0 = Debug|Any CPU
		{C113851C-AA72-49B7-8F91-C234DF7BA324}.Release|Any CPU.ActiveCfg = Release|Any CPU
		{C113851C-AA72-49B7-8F91-C234DF7BA324}.Release|Any CPU.Build.0 = Release|Any CPU
	EndGlobalSection
	GlobalSection(SolutionProperties) = preSolution
		HideSolutionNode = FALSE
	EndGlobalSection
	GlobalSection(ExtensibilityGlobals) = postSolution
		SolutionGuid = {DEAF3FD4-313D-4DCF-BD4E-8A4C541BCE48}
	EndGlobalSection
EndGlobal
